
Microsoft Visual Studio Solution File, Format Version 12.00
# Visual Studio 15
VisualStudioVersion = 15.0.27703.2042
MinimumVisualStudioVersion = 10.0.40219.1
Project("{9A19103F-16F7-4668-BE54-9A1E7A4F7556}") = "Maia", "Maia\Maia.csproj", "{363F68F4-FCB7-4DCB-AA41-8F07BF155D31}"
EndProject
Project("{9A19103F-16F7-4668-BE54-9A1E7A4F7556}") = "Updater", "Updater\Updater.csproj", "{5BB2D75C-8884-4F02-A024-17C8919F0288}"
EndProject
Global
	GlobalSection(SolutionConfigurationPlatforms) = preSolution
		Debug|Any CPU = Debug|Any CPU
		Release|Any CPU = Release|Any CPU
	EndGlobalSection
	GlobalSection(ProjectConfigurationPlatforms) = postSolution
		{363F68F4-FCB7-4DCB-AA41-8F07BF155D31}.Debug|Any CPU.ActiveCfg = Debug|Any CPU
		{363F68F4-FCB7-4DCB-AA41-8F07BF155D31}.Debug|Any CPU.Build.0 = Debug|Any CPU
		{363F68F4-FCB7-4DCB-AA41-8F07BF155D31}.Release|Any CPU.ActiveCfg = Release|Any CPU
		{363F68F4-FCB7-4DCB-AA41-8F07BF155D31}.Release|Any CPU.Build.0 = Release|Any CPU
		{5BB2D75C-8884-4F02-A024-17C8919F0288}.Debug|Any CPU.ActiveCfg = Debug|Any CPU
		{5BB2D75C-8884-4F02-A024-17C8919F0288}.Debug|Any CPU.Build.0 = Debug|Any CPU
		{5BB2D75C-8884-4F02-A024-17C8919F0288}.Release|Any CPU.ActiveCfg = Release|Any CPU
		{5BB2D75C-8884-4F02-A024-17C8919F0288}.Release|Any CPU.Build.0 = Release|Any CPU
	EndGlobalSection
	GlobalSection(SolutionProperties) = preSolution
		HideSolutionNode = FALSE
	EndGlobalSection
	GlobalSection(ExtensibilityGlobals) = postSolution
		SolutionGuid = {6D7C0215-53B9-45B3-9C23-A53C6A6740D1}
	EndGlobalSection
EndGlobal
